
Microsoft Visual Studio Solution File, Format Version 12.00
# Visual Studio Version 16
VisualStudioVersion = 16.0.31410.357
MinimumVisualStudioVersion = 10.0.40219.1
Project("{FAE04EC0-301F-11D3-BF4B-00C04F79EFBC}") = "SecurityDemo", "SecurityDemo\SecurityDemo.csproj", "{B26BC551-F8B1-4D9E-A365-8A6D3821CDDB}"
EndProject
Global
	GlobalSection(SolutionConfigurationPlatforms) = preSolution
		Debug|Any CPU = Debug|Any CPU
		Release|Any CPU = Release|Any CPU
	EndGlobalSection
	GlobalSection(ProjectConfigurationPlatforms) = postSolution
		{B26BC551-F8B1-4D9E-A365-8A6D3821CDDB}.Debug|Any CPU.ActiveCfg = Debug|Any CPU
		{B26BC551-F8B1-4D9E-A365-8A6D3821CDDB}.Debug|Any CPU.Build.0 = Debug|Any CPU
		{B26BC551-F8B1-4D9E-A365-8A6D3821CDDB}.Release|Any CPU.ActiveCfg = Release|Any CPU
		{B26BC551-F8B1-4D9E-A365-8A6D3821CDDB}.Release|Any CPU.Build.0 = Release|Any CPU
	EndGlobalSection
	GlobalSection(SolutionProperties) = preSolution
		HideSolutionNode = FALSE
	EndGlobalSection
	GlobalSection(ExtensibilityGlobals) = postSolution
		SolutionGuid = {9B579FCF-B937-47DE-B48B-91EE7B6FC9C7}
	EndGlobalSection
EndGlobal
